
Microsoft Visual Studio Solution File, Format Version 12.00
# Visual Studio 15
VisualStudioVersion = 15.0.28307.329
MinimumVisualStudioVersion = 10.0.40219.1
Project("{FAE04EC0-301F-11D3-BF4B-00C04F79EFBC}") = "firstapp", "firstapp\firstapp.csproj", "{E8577750-2FA9-4133-9DD8-8083DAFB3B16}"
EndProject
Global
	GlobalSection(SolutionConfigurationPlatforms) = preSolution
		Debug|Any CPU = Debug|Any CPU
		Release|Any CPU = Release|Any CPU
	EndGlobalSection
	GlobalSection(ProjectConfigurationPlatforms) = postSolution
		{E8577750-2FA9-4133-9DD8-8083DAFB3B16}.Debug|Any CPU.ActiveCfg = Debug|Any CPU
		{E8577750-2FA9-4133-9DD8-8083DAFB3B16}.Debug|Any CPU.Build.0 = Debug|Any CPU
		{E8577750-2FA9-4133-9DD8-8083DAFB3B16}.Release|Any CPU.ActiveCfg = Release|Any CPU
		{E8577750-2FA9-4133-9DD8-8083DAFB3B16}.Release|Any CPU.Build.0 = Release|Any CPU
	EndGlobalSection
	GlobalSection(SolutionProperties) = preSolution
		HideSolutionNode = FALSE
	EndGlobalSection
	GlobalSection(ExtensibilityGlobals) = postSolution
		SolutionGuid = {4CA0002D-F6E3-4742-BC14-CDFDBF13E9EF}
	EndGlobalSection
EndGlobal
